// !$*UTF8*$!
{
	archiveVersion = 1;
	classes = {
	};
	objectVersion = 56;
	objects = {

/* Begin PBXBuildFile section */
		C34881032C94135500E29138 /* AppDelegate.swift in Sources */ = {isa = PBXBuildFile; fileRef = C34881022C94135500E29138 /* AppDelegate.swift */; };
		C34881052C94135500E29138 /* SceneDelegate.swift in Sources */ = {isa = PBXBuildFile; fileRef = C34881042C94135500E29138 /* SceneDelegate.swift */; };
		C348810A2C94135500E29138 /* Base in Resources */ = {isa = PBXBuildFile; fileRef = C34881092C94135500E29138 /* Base */; };
		C348810C2C94135600E29138 /* Assets.xcassets in Resources */ = {isa = PBXBuildFile; fileRef = C348810B2C94135600E29138 /* Assets.xcassets */; };
		C348810F2C94135600E29138 /* Base in Resources */ = {isa = PBXBuildFile; fileRef = C348810E2C94135600E29138 /* Base */; };
		C348811A2C94135600E29138 /* PlatePathTests.swift in Sources */ = {isa = PBXBuildFile; fileRef = C34881192C94135600E29138 /* PlatePathTests.swift */; };
		C34881242C94135600E29138 /* PlatePathUITests.swift in Sources */ = {isa = PBXBuildFile; fileRef = C34881232C94135600E29138 /* PlatePathUITests.swift */; };
		C34881262C94135600E29138 /* PlatePathUITestsLaunchTests.swift in Sources */ = {isa = PBXBuildFile; fileRef = C34881252C94135600E29138 /* PlatePathUITestsLaunchTests.swift */; };
		C34881382C96283400E29138 /* Meal.swift in Sources */ = {isa = PBXBuildFile; fileRef = C34881372C96283400E29138 /* Meal.swift */; };
		C348813A2C96288B00E29138 /* MealListViewModel.swift in Sources */ = {isa = PBXBuildFile; fileRef = C34881392C96288B00E29138 /* MealListViewModel.swift */; };
		C348813C2C9628A200E29138 /* MealDetailViewModel.swift in Sources */ = {isa = PBXBuildFile; fileRef = C348813B2C9628A200E29138 /* MealDetailViewModel.swift */; };
		C34881422C962A6200E29138 /* NetworkClient.swift in Sources */ = {isa = PBXBuildFile; fileRef = C34881412C962A6200E29138 /* NetworkClient.swift */; };
		C34881472C962FAC00E29138 /* MealService.swift in Sources */ = {isa = PBXBuildFile; fileRef = C34881462C962FAC00E29138 /* MealService.swift */; };
		C348814D2C96415200E29138 /* MealDetailView.swift in Sources */ = {isa = PBXBuildFile; fileRef = C348814C2C96415200E29138 /* MealDetailView.swift */; };
		C348814F2C96673200E29138 /* MealGridView.swift in Sources */ = {isa = PBXBuildFile; fileRef = C348814E2C96673200E29138 /* MealGridView.swift */; };
		C34881542C966E6F00E29138 /* Category.swift in Sources */ = {isa = PBXBuildFile; fileRef = C34881532C966E6F00E29138 /* Category.swift */; };
		C34881592C966EBF00E29138 /* CategoryService.swift in Sources */ = {isa = PBXBuildFile; fileRef = C34881582C966EBF00E29138 /* CategoryService.swift */; };
		C348815B2C966F9300E29138 /* CategoriesViewModel.swift in Sources */ = {isa = PBXBuildFile; fileRef = C348815A2C966F9300E29138 /* CategoriesViewModel.swift */; };
		C348815D2C966FCB00E29138 /* CategoriesView.swift in Sources */ = {isa = PBXBuildFile; fileRef = C348815C2C966FCB00E29138 /* CategoriesView.swift */; };
		C348815F2C96750900E29138 /* CategoryDetailViewModel.swift in Sources */ = {isa = PBXBuildFile; fileRef = C348815E2C96750900E29138 /* CategoryDetailViewModel.swift */; };
		C34881612C9677D700E29138 /* CategoryDetailView.swift in Sources */ = {isa = PBXBuildFile; fileRef = C34881602C9677D700E29138 /* CategoryDetailView.swift */; };
		C34881642C98014700E29138 /* MealCardView.swift in Sources */ = {isa = PBXBuildFile; fileRef = C34881632C98014700E29138 /* MealCardView.swift */; };
		C34881672C9801FA00E29138 /* CategoryCardView.swift in Sources */ = {isa = PBXBuildFile; fileRef = C34881662C9801FA00E29138 /* CategoryCardView.swift */; };
		C348816C2C98058A00E29138 /* CategoryHeaderView.swift in Sources */ = {isa = PBXBuildFile; fileRef = C348816B2C98058A00E29138 /* CategoryHeaderView.swift */; };
		C348816E2C98061B00E29138 /* MealDetailHeaderView.swift in Sources */ = {isa = PBXBuildFile; fileRef = C348816D2C98061B00E29138 /* MealDetailHeaderView.swift */; };
		C34881702C9808A300E29138 /* MealIngredientsSectionView.swift in Sources */ = {isa = PBXBuildFile; fileRef = C348816F2C9808A300E29138 /* MealIngredientsSectionView.swift */; };
		C34881722C9808D500E29138 /* MealTagsSectionView.swift in Sources */ = {isa = PBXBuildFile; fileRef = C34881712C9808D500E29138 /* MealTagsSectionView.swift */; };
		C380BE502C98E3B00069EE92 /* NetworkProvider.swift in Sources */ = {isa = PBXBuildFile; fileRef = C380BE4F2C98E3B00069EE92 /* NetworkProvider.swift */; };
		C380BE522C98E5DD0069EE92 /* CategoryAPI.swift in Sources */ = {isa = PBXBuildFile; fileRef = C380BE512C98E5DD0069EE92 /* CategoryAPI.swift */; };
		C380BE542C98E80A0069EE92 /* MealAPI.swift in Sources */ = {isa = PBXBuildFile; fileRef = C380BE532C98E80A0069EE92 /* MealAPI.swift */; };
		C380BE592C99092A0069EE92 /* NetworkProviderTests.swift in Sources */ = {isa = PBXBuildFile; fileRef = C380BE582C99092A0069EE92 /* NetworkProviderTests.swift */; };
		C380BE5B2C9910590069EE92 /* MealListViewModelTests.swift in Sources */ = {isa = PBXBuildFile; fileRef = C380BE5A2C9910590069EE92 /* MealListViewModelTests.swift */; };
		C380BE662C9913430069EE92 /* meals.json in Resources */ = {isa = PBXBuildFile; fileRef = C380BE632C9913420069EE92 /* meals.json */; };
		C380BE672C9913430069EE92 /* categories.json in Resources */ = {isa = PBXBuildFile; fileRef = C380BE642C9913420069EE92 /* categories.json */; };
		C380BE682C9913430069EE92 /* meal.json in Resources */ = {isa = PBXBuildFile; fileRef = C380BE652C9913430069EE92 /* meal.json */; };
		C380BE692C9916BC0069EE92 /* categories.json in Resources */ = {isa = PBXBuildFile; fileRef = C380BE642C9913420069EE92 /* categories.json */; };
		C380BE6A2C9916BF0069EE92 /* meal.json in Resources */ = {isa = PBXBuildFile; fileRef = C380BE652C9913430069EE92 /* meal.json */; };
		C380BE6B2C9916C10069EE92 /* meals.json in Resources */ = {isa = PBXBuildFile; fileRef = C380BE632C9913420069EE92 /* meals.json */; };
		C3AAD81B2C9A02C800E8C7DB /* SearchViewModel.swift in Sources */ = {isa = PBXBuildFile; fileRef = C3AAD81A2C9A02C800E8C7DB /* SearchViewModel.swift */; };
		C3AAD81D2C9A03A700E8C7DB /* SearchView.swift in Sources */ = {isa = PBXBuildFile; fileRef = C3AAD81C2C9A03A700E8C7DB /* SearchView.swift */; };
		C3AAD8202C9A0E1600E8C7DB /* Ingredient.swift in Sources */ = {isa = PBXBuildFile; fileRef = C3AAD81F2C9A0E1600E8C7DB /* Ingredient.swift */; };
		C3AAD8232C9A1A4000E8C7DB /* IngredientsListView.swift in Sources */ = {isa = PBXBuildFile; fileRef = C3AAD8222C9A1A4000E8C7DB /* IngredientsListView.swift */; };
		C3AAD8252C9A2C2200E8C7DB /* InstructionsView.swift in Sources */ = {isa = PBXBuildFile; fileRef = C3AAD8242C9A2C2200E8C7DB /* InstructionsView.swift */; };
		C3AAD8282C9A3A4900E8C7DB /* MealInstructionsSectionView.swift in Sources */ = {isa = PBXBuildFile; fileRef = C3AAD8272C9A3A4900E8C7DB /* MealInstructionsSectionView.swift */; };
		C3AAD82E2C9A3F5D00E8C7DB /* IngredientPreviewView.swift in Sources */ = {isa = PBXBuildFile; fileRef = C3AAD82D2C9A3F5D00E8C7DB /* IngredientPreviewView.swift */; };
		C3AAD8312C9A4F6C00E8C7DB /* CustomButtonStyle.swift in Sources */ = {isa = PBXBuildFile; fileRef = C3AAD8302C9A4F6C00E8C7DB /* CustomButtonStyle.swift */; };
		C3AAD8332C9A641900E8C7DB /* MealRowView.swift in Sources */ = {isa = PBXBuildFile; fileRef = C3AAD8322C9A641900E8C7DB /* MealRowView.swift */; };
		C3AAD8352C9AC59900E8C7DB /* CategoriesViewModelTest.swift in Sources */ = {isa = PBXBuildFile; fileRef = C3AAD8342C9AC59900E8C7DB /* CategoriesViewModelTest.swift */; };
		C3AAD8382C9AC66B00E8C7DB /* TestHelper.swift in Sources */ = {isa = PBXBuildFile; fileRef = C3AAD8372C9AC66B00E8C7DB /* TestHelper.swift */; };
/* End PBXBuildFile section */

/* Begin PBXContainerItemProxy section */
		C34881162C94135600E29138 /* PBXContainerItemProxy */ = {
			isa = PBXContainerItemProxy;
			containerPortal = C34880F72C94135500E29138 /* Project object */;
			proxyType = 1;
			remoteGlobalIDString = C34880FE2C94135500E29138;
			remoteInfo = PlatePath;
		};
		C34881202C94135600E29138 /* PBXContainerItemProxy */ = {
			isa = PBXContainerItemProxy;
			containerPortal = C34880F72C94135500E29138 /* Project object */;
			proxyType = 1;
			remoteGlobalIDString = C34880FE2C94135500E29138;
			remoteInfo = PlatePath;
		};
/* End PBXContainerItemProxy section */

/* Begin PBXFileReference section */
		C34880FF2C94135500E29138 /* PlatePath.app */ = {isa = PBXFileReference; explicitFileType = wrapper.application; includeInIndex = 0; path = PlatePath.app; sourceTree = BUILT_PRODUCTS_DIR; };
		C34881022C94135500E29138 /* AppDelegate.swift */ = {isa = PBXFileReference; lastKnownFileType = sourcecode.swift; path = AppDelegate.swift; sourceTree = "<group>"; };
		C34881042C94135500E29138 /* SceneDelegate.swift */ = {isa = PBXFileReference; lastKnownFileType = sourcecode.swift; path = SceneDelegate.swift; sourceTree = "<group>"; };
		C34881092C94135500E29138 /* Base */ = {isa = PBXFileReference; lastKnownFileType = file.storyboard; name = Base; path = Base.lproj/Main.storyboard; sourceTree = "<group>"; };
		C348810B2C94135600E29138 /* Assets.xcassets */ = {isa = PBXFileReference; lastKnownFileType = folder.assetcatalog; path = Assets.xcassets; sourceTree = "<group>"; };
		C348810E2C94135600E29138 /* Base */ = {isa = PBXFileReference; lastKnownFileType = file.storyboard; name = Base; path = Base.lproj/LaunchScreen.storyboard; sourceTree = "<group>"; };
		C34881102C94135600E29138 /* Info.plist */ = {isa = PBXFileReference; lastKnownFileType = text.plist.xml; path = Info.plist; sourceTree = "<group>"; };
		C34881152C94135600E29138 /* PlatePathTests.xctest */ = {isa = PBXFileReference; explicitFileType = wrapper.cfbundle; includeInIndex = 0; path = PlatePathTests.xctest; sourceTree = BUILT_PRODUCTS_DIR; };
		C34881192C94135600E29138 /* PlatePathTests.swift */ = {isa = PBXFileReference; lastKnownFileType = sourcecode.swift; path = PlatePathTests.swift; sourceTree = "<group>"; };
		C348811F2C94135600E29138 /* PlatePathUITests.xctest */ = {isa = PBXFileReference; explicitFileType = wrapper.cfbundle; includeInIndex = 0; path = PlatePathUITests.xctest; sourceTree = BUILT_PRODUCTS_DIR; };
		C34881232C94135600E29138 /* PlatePathUITests.swift */ = {isa = PBXFileReference; lastKnownFileType = sourcecode.swift; path = PlatePathUITests.swift; sourceTree = "<group>"; };
		C34881252C94135600E29138 /* PlatePathUITestsLaunchTests.swift */ = {isa = PBXFileReference; lastKnownFileType = sourcecode.swift; path = PlatePathUITestsLaunchTests.swift; sourceTree = "<group>"; };
		C34881372C96283400E29138 /* Meal.swift */ = {isa = PBXFileReference; lastKnownFileType = sourcecode.swift; path = Meal.swift; sourceTree = "<group>"; };
		C34881392C96288B00E29138 /* MealListViewModel.swift */ = {isa = PBXFileReference; lastKnownFileType = sourcecode.swift; path = MealListViewModel.swift; sourceTree = "<group>"; };
		C348813B2C9628A200E29138 /* MealDetailViewModel.swift */ = {isa = PBXFileReference; lastKnownFileType = sourcecode.swift; path = MealDetailViewModel.swift; sourceTree = "<group>"; };
		C34881412C962A6200E29138 /* NetworkClient.swift */ = {isa = PBXFileReference; lastKnownFileType = sourcecode.swift; path = NetworkClient.swift; sourceTree = "<group>"; };
		C34881462C962FAC00E29138 /* MealService.swift */ = {isa = PBXFileReference; lastKnownFileType = sourcecode.swift; path = MealService.swift; sourceTree = "<group>"; };
		C348814C2C96415200E29138 /* MealDetailView.swift */ = {isa = PBXFileReference; lastKnownFileType = sourcecode.swift; path = MealDetailView.swift; sourceTree = "<group>"; };
		C348814E2C96673200E29138 /* MealGridView.swift */ = {isa = PBXFileReference; lastKnownFileType = sourcecode.swift; path = MealGridView.swift; sourceTree = "<group>"; };
		C34881532C966E6F00E29138 /* Category.swift */ = {isa = PBXFileReference; lastKnownFileType = sourcecode.swift; path = Category.swift; sourceTree = "<group>"; };
		C34881582C966EBF00E29138 /* CategoryService.swift */ = {isa = PBXFileReference; lastKnownFileType = sourcecode.swift; path = CategoryService.swift; sourceTree = "<group>"; };
		C348815A2C966F9300E29138 /* CategoriesViewModel.swift */ = {isa = PBXFileReference; lastKnownFileType = sourcecode.swift; path = CategoriesViewModel.swift; sourceTree = "<group>"; };
		C348815C2C966FCB00E29138 /* CategoriesView.swift */ = {isa = PBXFileReference; lastKnownFileType = sourcecode.swift; path = CategoriesView.swift; sourceTree = "<group>"; };
		C348815E2C96750900E29138 /* CategoryDetailViewModel.swift */ = {isa = PBXFileReference; lastKnownFileType = sourcecode.swift; path = CategoryDetailViewModel.swift; sourceTree = "<group>"; };
		C34881602C9677D700E29138 /* CategoryDetailView.swift */ = {isa = PBXFileReference; lastKnownFileType = sourcecode.swift; path = CategoryDetailView.swift; sourceTree = "<group>"; };
		C34881632C98014700E29138 /* MealCardView.swift */ = {isa = PBXFileReference; lastKnownFileType = sourcecode.swift; path = MealCardView.swift; sourceTree = "<group>"; };
		C34881662C9801FA00E29138 /* CategoryCardView.swift */ = {isa = PBXFileReference; lastKnownFileType = sourcecode.swift; path = CategoryCardView.swift; sourceTree = "<group>"; };
		C348816B2C98058A00E29138 /* CategoryHeaderView.swift */ = {isa = PBXFileReference; lastKnownFileType = sourcecode.swift; path = CategoryHeaderView.swift; sourceTree = "<group>"; };
		C348816D2C98061B00E29138 /* MealDetailHeaderView.swift */ = {isa = PBXFileReference; lastKnownFileType = sourcecode.swift; path = MealDetailHeaderView.swift; sourceTree = "<group>"; };
		C348816F2C9808A300E29138 /* MealIngredientsSectionView.swift */ = {isa = PBXFileReference; lastKnownFileType = sourcecode.swift; path = MealIngredientsSectionView.swift; sourceTree = "<group>"; };
		C34881712C9808D500E29138 /* MealTagsSectionView.swift */ = {isa = PBXFileReference; lastKnownFileType = sourcecode.swift; path = MealTagsSectionView.swift; sourceTree = "<group>"; };
		C380BE4F2C98E3B00069EE92 /* NetworkProvider.swift */ = {isa = PBXFileReference; lastKnownFileType = sourcecode.swift; path = NetworkProvider.swift; sourceTree = "<group>"; };
		C380BE512C98E5DD0069EE92 /* CategoryAPI.swift */ = {isa = PBXFileReference; lastKnownFileType = sourcecode.swift; path = CategoryAPI.swift; sourceTree = "<group>"; };
		C380BE532C98E80A0069EE92 /* MealAPI.swift */ = {isa = PBXFileReference; lastKnownFileType = sourcecode.swift; path = MealAPI.swift; sourceTree = "<group>"; };
		C380BE582C99092A0069EE92 /* NetworkProviderTests.swift */ = {isa = PBXFileReference; lastKnownFileType = sourcecode.swift; path = NetworkProviderTests.swift; sourceTree = "<group>"; };
		C380BE5A2C9910590069EE92 /* MealListViewModelTests.swift */ = {isa = PBXFileReference; lastKnownFileType = sourcecode.swift; path = MealListViewModelTests.swift; sourceTree = "<group>"; };
		C380BE632C9913420069EE92 /* meals.json */ = {isa = PBXFileReference; fileEncoding = 4; lastKnownFileType = text.json; path = meals.json; sourceTree = "<group>"; };
		C380BE642C9913420069EE92 /* categories.json */ = {isa = PBXFileReference; fileEncoding = 4; lastKnownFileType = text.json; path = categories.json; sourceTree = "<group>"; };
		C380BE652C9913430069EE92 /* meal.json */ = {isa = PBXFileReference; fileEncoding = 4; lastKnownFileType = text.json; path = meal.json; sourceTree = "<group>"; };
		C380BE6C2C9921550069EE92 /* README.md */ = {isa = PBXFileReference; lastKnownFileType = net.daringfireball.markdown; path = README.md; sourceTree = SOURCE_ROOT; };
		C380BE6D2C9923E40069EE92 /* LICENSE.md */ = {isa = PBXFileReference; lastKnownFileType = net.daringfireball.markdown; path = LICENSE.md; sourceTree = SOURCE_ROOT; };
		C3AAD81A2C9A02C800E8C7DB /* SearchViewModel.swift */ = {isa = PBXFileReference; lastKnownFileType = sourcecode.swift; path = SearchViewModel.swift; sourceTree = "<group>"; };
		C3AAD81C2C9A03A700E8C7DB /* SearchView.swift */ = {isa = PBXFileReference; lastKnownFileType = sourcecode.swift; path = SearchView.swift; sourceTree = "<group>"; };
		C3AAD81F2C9A0E1600E8C7DB /* Ingredient.swift */ = {isa = PBXFileReference; lastKnownFileType = sourcecode.swift; path = Ingredient.swift; sourceTree = "<group>"; };
		C3AAD8222C9A1A4000E8C7DB /* IngredientsListView.swift */ = {isa = PBXFileReference; lastKnownFileType = sourcecode.swift; path = IngredientsListView.swift; sourceTree = "<group>"; };
		C3AAD8242C9A2C2200E8C7DB /* InstructionsView.swift */ = {isa = PBXFileReference; lastKnownFileType = sourcecode.swift; path = InstructionsView.swift; sourceTree = "<group>"; };
		C3AAD8272C9A3A4900E8C7DB /* MealInstructionsSectionView.swift */ = {isa = PBXFileReference; lastKnownFileType = sourcecode.swift; path = MealInstructionsSectionView.swift; sourceTree = "<group>"; };
		C3AAD82D2C9A3F5D00E8C7DB /* IngredientPreviewView.swift */ = {isa = PBXFileReference; lastKnownFileType = sourcecode.swift; path = IngredientPreviewView.swift; sourceTree = "<group>"; };
		C3AAD8302C9A4F6C00E8C7DB /* CustomButtonStyle.swift */ = {isa = PBXFileReference; lastKnownFileType = sourcecode.swift; path = CustomButtonStyle.swift; sourceTree = "<group>"; };
		C3AAD8322C9A641900E8C7DB /* MealRowView.swift */ = {isa = PBXFileReference; lastKnownFileType = sourcecode.swift; path = MealRowView.swift; sourceTree = "<group>"; };
		C3AAD8342C9AC59900E8C7DB /* CategoriesViewModelTest.swift */ = {isa = PBXFileReference; lastKnownFileType = sourcecode.swift; path = CategoriesViewModelTest.swift; sourceTree = "<group>"; };
		C3AAD8372C9AC66B00E8C7DB /* TestHelper.swift */ = {isa = PBXFileReference; lastKnownFileType = sourcecode.swift; path = TestHelper.swift; sourceTree = "<group>"; };
/* End PBXFileReference section */

/* Begin PBXFrameworksBuildPhase section */
		C34880FC2C94135500E29138 /* Frameworks */ = {
			isa = PBXFrameworksBuildPhase;
			buildActionMask = 2147483647;
			files = (
			);
			runOnlyForDeploymentPostprocessing = 0;
		};
		C34881122C94135600E29138 /* Frameworks */ = {
			isa = PBXFrameworksBuildPhase;
			buildActionMask = 2147483647;
			files = (
			);
			runOnlyForDeploymentPostprocessing = 0;
		};
		C348811C2C94135600E29138 /* Frameworks */ = {
			isa = PBXFrameworksBuildPhase;
			buildActionMask = 2147483647;
			files = (
			);
			runOnlyForDeploymentPostprocessing = 0;
		};
/* End PBXFrameworksBuildPhase section */

/* Begin PBXGroup section */
		C34880F62C94135500E29138 = {
			isa = PBXGroup;
			children = (
				C34881012C94135500E29138 /* PlatePath */,
				C34881182C94135600E29138 /* PlatePathTests */,
				C34881222C94135600E29138 /* PlatePathUITests */,
				C34881002C94135500E29138 /* Products */,
			);
			sourceTree = "<group>";
		};
		C34881002C94135500E29138 /* Products */ = {
			isa = PBXGroup;
			children = (
				C34880FF2C94135500E29138 /* PlatePath.app */,
				C34881152C94135600E29138 /* PlatePathTests.xctest */,
				C348811F2C94135600E29138 /* PlatePathUITests.xctest */,
			);
			name = Products;
			sourceTree = "<group>";
		};
		C34881012C94135500E29138 /* PlatePath */ = {
			isa = PBXGroup;
			children = (
				C34881022C94135500E29138 /* AppDelegate.swift */,
				C34881042C94135500E29138 /* SceneDelegate.swift */,
				C380BE4E2C98E3A00069EE92 /* Network */,
				C348813E2C962A2A00E29138 /* Services */,
				C34881362C96281C00E29138 /* Model */,
				C34881322C9627EC00E29138 /* ViewModel */,
				C34881332C9627F500E29138 /* View */,
				C3AAD82F2C9A4F5D00E8C7DB /* Utilities */,
				C34881082C94135500E29138 /* Main.storyboard */,
				C348810B2C94135600E29138 /* Assets.xcassets */,
				C348810D2C94135600E29138 /* LaunchScreen.storyboard */,
				C34881102C94135600E29138 /* Info.plist */,
				C380BE6C2C9921550069EE92 /* README.md */,
				C380BE6D2C9923E40069EE92 /* LICENSE.md */,
				C380BE5C2C99121D0069EE92 /* Supporting Files */,
			);
			path = PlatePath;
			sourceTree = "<group>";
		};
		C34881182C94135600E29138 /* PlatePathTests */ = {
			isa = PBXGroup;
			children = (
				C34881192C94135600E29138 /* PlatePathTests.swift */,
				C380BE582C99092A0069EE92 /* NetworkProviderTests.swift */,
				C380BE5A2C9910590069EE92 /* MealListViewModelTests.swift */,
				C3AAD8342C9AC59900E8C7DB /* CategoriesViewModelTest.swift */,
				C3AAD8362C9AC65900E8C7DB /* Utilities */,
			);
			path = PlatePathTests;
			sourceTree = "<group>";
		};
		C34881222C94135600E29138 /* PlatePathUITests */ = {
			isa = PBXGroup;
			children = (
				C34881232C94135600E29138 /* PlatePathUITests.swift */,
				C34881252C94135600E29138 /* PlatePathUITestsLaunchTests.swift */,
			);
			path = PlatePathUITests;
			sourceTree = "<group>";
		};
		C34881322C9627EC00E29138 /* ViewModel */ = {
			isa = PBXGroup;
			children = (
				C34881392C96288B00E29138 /* MealListViewModel.swift */,
				C348813B2C9628A200E29138 /* MealDetailViewModel.swift */,
				C348815A2C966F9300E29138 /* CategoriesViewModel.swift */,
				C348815E2C96750900E29138 /* CategoryDetailViewModel.swift */,
				C3AAD81A2C9A02C800E8C7DB /* SearchViewModel.swift */,
			);
			path = ViewModel;
			sourceTree = "<group>";
		};
		C34881332C9627F500E29138 /* View */ = {
			isa = PBXGroup;
			children = (
				C34881622C98012D00E29138 /* Meals */,
				C34881652C9801D300E29138 /* Categories */,
				C3AAD81E2C9A03AF00E8C7DB /* Search */,
			);
			path = View;
			sourceTree = "<group>";
		};
		C34881362C96281C00E29138 /* Model */ = {
			isa = PBXGroup;
			children = (
				C34881372C96283400E29138 /* Meal.swift */,
				C34881532C966E6F00E29138 /* Category.swift */,
				C3AAD81F2C9A0E1600E8C7DB /* Ingredient.swift */,
			);
			path = Model;
			sourceTree = "<group>";
		};
		C348813E2C962A2A00E29138 /* Services */ = {
			isa = PBXGroup;
			children = (
				C34881462C962FAC00E29138 /* MealService.swift */,
				C34881582C966EBF00E29138 /* CategoryService.swift */,
			);
			path = Services;
			sourceTree = "<group>";
		};
		C34881622C98012D00E29138 /* Meals */ = {
			isa = PBXGroup;
			children = (
				C3AAD82B2C9A3E3700E8C7DB /* Instructions */,
				C3AAD8212C9A1A3100E8C7DB /* Ingredients */,
				C3AAD82A2C9A3DF400E8C7DB /* Detail */,
				C3AAD8292C9A3DE600E8C7DB /* List */,
			);
			path = Meals;
			sourceTree = "<group>";
		};
		C34881652C9801D300E29138 /* Categories */ = {
			isa = PBXGroup;
			children = (
				C348815C2C966FCB00E29138 /* CategoriesView.swift */,
				C34881662C9801FA00E29138 /* CategoryCardView.swift */,
				C3AAD82C2C9A3EDD00E8C7DB /* Details */,
			);
			path = Categories;
			sourceTree = "<group>";
		};
		C380BE4E2C98E3A00069EE92 /* Network */ = {
			isa = PBXGroup;
			children = (
				C380BE4F2C98E3B00069EE92 /* NetworkProvider.swift */,
				C34881412C962A6200E29138 /* NetworkClient.swift */,
				C380BE552C9902B20069EE92 /* API */,
			);
			path = Network;
			sourceTree = "<group>";
		};
		C380BE552C9902B20069EE92 /* API */ = {
			isa = PBXGroup;
			children = (
				C380BE532C98E80A0069EE92 /* MealAPI.swift */,
				C380BE512C98E5DD0069EE92 /* CategoryAPI.swift */,
			);
			path = API;
			sourceTree = "<group>";
		};
		C380BE5C2C99121D0069EE92 /* Supporting Files */ = {
			isa = PBXGroup;
			children = (
				C380BE642C9913420069EE92 /* categories.json */,
				C380BE652C9913430069EE92 /* meal.json */,
				C380BE632C9913420069EE92 /* meals.json */,
			);
			path = "Supporting Files";
			sourceTree = "<group>";
		};
		C3AAD81E2C9A03AF00E8C7DB /* Search */ = {
			isa = PBXGroup;
			children = (
				C3AAD81C2C9A03A700E8C7DB /* SearchView.swift */,
				C3AAD8322C9A641900E8C7DB /* MealRowView.swift */,
			);
			path = Search;
			sourceTree = "<group>";
		};
		C3AAD8212C9A1A3100E8C7DB /* Ingredients */ = {
			isa = PBXGroup;
			children = (
				C3AAD8222C9A1A4000E8C7DB /* IngredientsListView.swift */,
				C3AAD82D2C9A3F5D00E8C7DB /* IngredientPreviewView.swift */,
			);
			path = Ingredients;
			sourceTree = "<group>";
		};
		C3AAD8292C9A3DE600E8C7DB /* List */ = {
			isa = PBXGroup;
			children = (
				C348814E2C96673200E29138 /* MealGridView.swift */,
				C34881632C98014700E29138 /* MealCardView.swift */,
			);
			path = List;
			sourceTree = "<group>";
		};
		C3AAD82A2C9A3DF400E8C7DB /* Detail */ = {
			isa = PBXGroup;
			children = (
				C348814C2C96415200E29138 /* MealDetailView.swift */,
				C348816D2C98061B00E29138 /* MealDetailHeaderView.swift */,
				C34881712C9808D500E29138 /* MealTagsSectionView.swift */,
				C348816F2C9808A300E29138 /* MealIngredientsSectionView.swift */,
				C3AAD8272C9A3A4900E8C7DB /* MealInstructionsSectionView.swift */,
			);
			path = Detail;
			sourceTree = "<group>";
		};
		C3AAD82B2C9A3E3700E8C7DB /* Instructions */ = {
			isa = PBXGroup;
			children = (
				C3AAD8242C9A2C2200E8C7DB /* InstructionsView.swift */,
			);
			path = Instructions;
			sourceTree = "<group>";
		};
		C3AAD82C2C9A3EDD00E8C7DB /* Details */ = {
			isa = PBXGroup;
			children = (
				C34881602C9677D700E29138 /* CategoryDetailView.swift */,
				C348816B2C98058A00E29138 /* CategoryHeaderView.swift */,
			);
			path = Details;
			sourceTree = "<group>";
		};
		C3AAD82F2C9A4F5D00E8C7DB /* Utilities */ = {
			isa = PBXGroup;
			children = (
				C3AAD8302C9A4F6C00E8C7DB /* CustomButtonStyle.swift */,
			);
			path = Utilities;
			sourceTree = "<group>";
		};
		C3AAD8362C9AC65900E8C7DB /* Utilities */ = {
			isa = PBXGroup;
			children = (
				C3AAD8372C9AC66B00E8C7DB /* TestHelper.swift */,
			);
			path = Utilities;
			sourceTree = "<group>";
		};
/* End PBXGroup section */

/* Begin PBXNativeTarget section */
		C34880FE2C94135500E29138 /* PlatePath */ = {
			isa = PBXNativeTarget;
			buildConfigurationList = C34881292C94135600E29138 /* Build configuration list for PBXNativeTarget "PlatePath" */;
			buildPhases = (
				C34880FB2C94135500E29138 /* Sources */,
				C34880FC2C94135500E29138 /* Frameworks */,
				C34880FD2C94135500E29138 /* Resources */,
			);
			buildRules = (
			);
			dependencies = (
			);
			name = PlatePath;
			productName = PlatePath;
			productReference = C34880FF2C94135500E29138 /* PlatePath.app */;
			productType = "com.apple.product-type.application";
		};
		C34881142C94135600E29138 /* PlatePathTests */ = {
			isa = PBXNativeTarget;
			buildConfigurationList = C348812C2C94135600E29138 /* Build configuration list for PBXNativeTarget "PlatePathTests" */;
			buildPhases = (
				C34881112C94135600E29138 /* Sources */,
				C34881122C94135600E29138 /* Frameworks */,
				C34881132C94135600E29138 /* Resources */,
			);
			buildRules = (
			);
			dependencies = (
				C34881172C94135600E29138 /* PBXTargetDependency */,
			);
			name = PlatePathTests;
			productName = PlatePathTests;
			productReference = C34881152C94135600E29138 /* PlatePathTests.xctest */;
			productType = "com.apple.product-type.bundle.unit-test";
		};
		C348811E2C94135600E29138 /* PlatePathUITests */ = {
			isa = PBXNativeTarget;
			buildConfigurationList = C348812F2C94135600E29138 /* Build configuration list for PBXNativeTarget "PlatePathUITests" */;
			buildPhases = (
				C348811B2C94135600E29138 /* Sources */,
				C348811C2C94135600E29138 /* Frameworks */,
				C348811D2C94135600E29138 /* Resources */,
			);
			buildRules = (
			);
			dependencies = (
				C34881212C94135600E29138 /* PBXTargetDependency */,
			);
			name = PlatePathUITests;
			productName = PlatePathUITests;
			productReference = C348811F2C94135600E29138 /* PlatePathUITests.xctest */;
			productType = "com.apple.product-type.bundle.ui-testing";
		};
/* End PBXNativeTarget section */

/* Begin PBXProject section */
		C34880F72C94135500E29138 /* Project object */ = {
			isa = PBXProject;
			attributes = {
				BuildIndependentTargetsInParallel = 1;
				LastSwiftUpdateCheck = 1540;
				LastUpgradeCheck = 1540;
				TargetAttributes = {
					C34880FE2C94135500E29138 = {
						CreatedOnToolsVersion = 15.4;
					};
					C34881142C94135600E29138 = {
						CreatedOnToolsVersion = 15.4;
						TestTargetID = C34880FE2C94135500E29138;
					};
					C348811E2C94135600E29138 = {
						CreatedOnToolsVersion = 15.4;
						TestTargetID = C34880FE2C94135500E29138;
					};
				};
			};
			buildConfigurationList = C34880FA2C94135500E29138 /* Build configuration list for PBXProject "PlatePath" */;
			compatibilityVersion = "Xcode 14.0";
			developmentRegion = en;
			hasScannedForEncodings = 0;
			knownRegions = (
				en,
				Base,
			);
			mainGroup = C34880F62C94135500E29138;
			productRefGroup = C34881002C94135500E29138 /* Products */;
			projectDirPath = "";
			projectRoot = "";
			targets = (
				C34880FE2C94135500E29138 /* PlatePath */,
				C34881142C94135600E29138 /* PlatePathTests */,
				C348811E2C94135600E29138 /* PlatePathUITests */,
			);
		};
/* End PBXProject section */

/* Begin PBXResourcesBuildPhase section */
		C34880FD2C94135500E29138 /* Resources */ = {
			isa = PBXResourcesBuildPhase;
			buildActionMask = 2147483647;
			files = (
				C380BE682C9913430069EE92 /* meal.json in Resources */,
				C380BE662C9913430069EE92 /* meals.json in Resources */,
				C348810C2C94135600E29138 /* Assets.xcassets in Resources */,
				C348810F2C94135600E29138 /* Base in Resources */,
				C380BE672C9913430069EE92 /* categories.json in Resources */,
				C348810A2C94135500E29138 /* Base in Resources */,
			);
			runOnlyForDeploymentPostprocessing = 0;
		};
		C34881132C94135600E29138 /* Resources */ = {
			isa = PBXResourcesBuildPhase;
			buildActionMask = 2147483647;
			files = (
				C380BE6A2C9916BF0069EE92 /* meal.json in Resources */,
				C380BE6B2C9916C10069EE92 /* meals.json in Resources */,
				C380BE692C9916BC0069EE92 /* categories.json in Resources */,
			);
			runOnlyForDeploymentPostprocessing = 0;
		};
		C348811D2C94135600E29138 /* Resources */ = {
			isa = PBXResourcesBuildPhase;
			buildActionMask = 2147483647;
			files = (
			);
			runOnlyForDeploymentPostprocessing = 0;
		};
/* End PBXResourcesBuildPhase section */

/* Begin PBXSourcesBuildPhase section */
		C34880FB2C94135500E29138 /* Sources */ = {
			isa = PBXSourcesBuildPhase;
			buildActionMask = 2147483647;
			files = (
				C3AAD8252C9A2C2200E8C7DB /* InstructionsView.swift in Sources */,
				C34881382C96283400E29138 /* Meal.swift in Sources */,
				C380BE502C98E3B00069EE92 /* NetworkProvider.swift in Sources */,
				C3AAD8202C9A0E1600E8C7DB /* Ingredient.swift in Sources */,
				C34881422C962A6200E29138 /* NetworkClient.swift in Sources */,
				C34881592C966EBF00E29138 /* CategoryService.swift in Sources */,
				C34881672C9801FA00E29138 /* CategoryCardView.swift in Sources */,
				C348816C2C98058A00E29138 /* CategoryHeaderView.swift in Sources */,
				C348814F2C96673200E29138 /* MealGridView.swift in Sources */,
				C348815F2C96750900E29138 /* CategoryDetailViewModel.swift in Sources */,
				C3AAD8332C9A641900E8C7DB /* MealRowView.swift in Sources */,
				C348816E2C98061B00E29138 /* MealDetailHeaderView.swift in Sources */,
				C34881032C94135500E29138 /* AppDelegate.swift in Sources */,
				C34881052C94135500E29138 /* SceneDelegate.swift in Sources */,
				C34881722C9808D500E29138 /* MealTagsSectionView.swift in Sources */,
				C34881542C966E6F00E29138 /* Category.swift in Sources */,
				C3AAD81D2C9A03A700E8C7DB /* SearchView.swift in Sources */,
				C3AAD8232C9A1A4000E8C7DB /* IngredientsListView.swift in Sources */,
				C3AAD81B2C9A02C800E8C7DB /* SearchViewModel.swift in Sources */,
				C348813C2C9628A200E29138 /* MealDetailViewModel.swift in Sources */,
				C34881612C9677D700E29138 /* CategoryDetailView.swift in Sources */,
				C348815D2C966FCB00E29138 /* CategoriesView.swift in Sources */,
				C34881472C962FAC00E29138 /* MealService.swift in Sources */,
				C34881702C9808A300E29138 /* MealIngredientsSectionView.swift in Sources */,
				C348814D2C96415200E29138 /* MealDetailView.swift in Sources */,
				C34881642C98014700E29138 /* MealCardView.swift in Sources */,
				C380BE522C98E5DD0069EE92 /* CategoryAPI.swift in Sources */,
				C3AAD8312C9A4F6C00E8C7DB /* CustomButtonStyle.swift in Sources */,
				C3AAD82E2C9A3F5D00E8C7DB /* IngredientPreviewView.swift in Sources */,
				C380BE542C98E80A0069EE92 /* MealAPI.swift in Sources */,
				C348813A2C96288B00E29138 /* MealListViewModel.swift in Sources */,
				C3AAD8282C9A3A4900E8C7DB /* MealInstructionsSectionView.swift in Sources */,
				C348815B2C966F9300E29138 /* CategoriesViewModel.swift in Sources */,
			);
			runOnlyForDeploymentPostprocessing = 0;
		};
		C34881112C94135600E29138 /* Sources */ = {
			isa = PBXSourcesBuildPhase;
			buildActionMask = 2147483647;
			files = (
				C3AAD8352C9AC59900E8C7DB /* CategoriesViewModelTest.swift in Sources */,
				C3AAD8382C9AC66B00E8C7DB /* TestHelper.swift in Sources */,
				C348811A2C94135600E29138 /* PlatePathTests.swift in Sources */,
				C380BE592C99092A0069EE92 /* NetworkProviderTests.swift in Sources */,
				C380BE5B2C9910590069EE92 /* MealListViewModelTests.swift in Sources */,
			);
			runOnlyForDeploymentPostprocessing = 0;
		};
		C348811B2C94135600E29138 /* Sources */ = {
			isa = PBXSourcesBuildPhase;
			buildActionMask = 2147483647;
			files = (
				C34881262C94135600E29138 /* PlatePathUITestsLaunchTests.swift in Sources */,
				C34881242C94135600E29138 /* PlatePathUITests.swift in Sources */,
			);
			runOnlyForDeploymentPostprocessing = 0;
		};
/* End PBXSourcesBuildPhase section */

/* Begin PBXTargetDependency section */
		C34881172C94135600E29138 /* PBXTargetDependency */ = {
			isa = PBXTargetDependency;
			target = C34880FE2C94135500E29138 /* PlatePath */;
			targetProxy = C34881162C94135600E29138 /* PBXContainerItemProxy */;
		};
		C34881212C94135600E29138 /* PBXTargetDependency */ = {
			isa = PBXTargetDependency;
			target = C34880FE2C94135500E29138 /* PlatePath */;
			targetProxy = C34881202C94135600E29138 /* PBXContainerItemProxy */;
		};
/* End PBXTargetDependency section */

/* Begin PBXVariantGroup section */
		C34881082C94135500E29138 /* Main.storyboard */ = {
			isa = PBXVariantGroup;
			children = (
				C34881092C94135500E29138 /* Base */,
			);
			name = Main.storyboard;
			sourceTree = "<group>";
		};
		C348810D2C94135600E29138 /* LaunchScreen.storyboard */ = {
			isa = PBXVariantGroup;
			children = (
				C348810E2C94135600E29138 /* Base */,
			);
			name = LaunchScreen.storyboard;
			sourceTree = "<group>";
		};
/* End PBXVariantGroup section */

/* Begin XCBuildConfiguration section */
		C34881272C94135600E29138 /* Debug */ = {
			isa = XCBuildConfiguration;
			buildSettings = {
				ALWAYS_SEARCH_USER_PATHS = NO;
				ASSETCATALOG_COMPILER_GENERATE_SWIFT_ASSET_SYMBOL_EXTENSIONS = YES;
				CLANG_ANALYZER_NONNULL = YES;
				CLANG_ANALYZER_NUMBER_OBJECT_CONVERSION = YES_AGGRESSIVE;
				CLANG_CXX_LANGUAGE_STANDARD = "gnu++20";
				CLANG_ENABLE_MODULES = YES;
				CLANG_ENABLE_OBJC_ARC = YES;
				CLANG_ENABLE_OBJC_WEAK = YES;
				CLANG_WARN_BLOCK_CAPTURE_AUTORELEASING = YES;
				CLANG_WARN_BOOL_CONVERSION = YES;
				CLANG_WARN_COMMA = YES;
				CLANG_WARN_CONSTANT_CONVERSION = YES;
				CLANG_WARN_DEPRECATED_OBJC_IMPLEMENTATIONS = YES;
				CLANG_WARN_DIRECT_OBJC_ISA_USAGE = YES_ERROR;
				CLANG_WARN_DOCUMENTATION_COMMENTS = YES;
				CLANG_WARN_EMPTY_BODY = YES;
				CLANG_WARN_ENUM_CONVERSION = YES;
				CLANG_WARN_INFINITE_RECURSION = YES;
				CLANG_WARN_INT_CONVERSION = YES;
				CLANG_WARN_NON_LITERAL_NULL_CONVERSION = YES;
				CLANG_WARN_OBJC_IMPLICIT_RETAIN_SELF = YES;
				CLANG_WARN_OBJC_LITERAL_CONVERSION = YES;
				CLANG_WARN_OBJC_ROOT_CLASS = YES_ERROR;
				CLANG_WARN_QUOTED_INCLUDE_IN_FRAMEWORK_HEADER = YES;
				CLANG_WARN_RANGE_LOOP_ANALYSIS = YES;
				CLANG_WARN_STRICT_PROTOTYPES = YES;
				CLANG_WARN_SUSPICIOUS_MOVE = YES;
				CLANG_WARN_UNGUARDED_AVAILABILITY = YES_AGGRESSIVE;
				CLANG_WARN_UNREACHABLE_CODE = YES;
				CLANG_WARN__DUPLICATE_METHOD_MATCH = YES;
				COPY_PHASE_STRIP = NO;
				DEBUG_INFORMATION_FORMAT = dwarf;
				ENABLE_STRICT_OBJC_MSGSEND = YES;
				ENABLE_TESTABILITY = YES;
				ENABLE_USER_SCRIPT_SANDBOXING = YES;
				GCC_C_LANGUAGE_STANDARD = gnu17;
				GCC_DYNAMIC_NO_PIC = NO;
				GCC_NO_COMMON_BLOCKS = YES;
				GCC_OPTIMIZATION_LEVEL = 0;
				GCC_PREPROCESSOR_DEFINITIONS = (
					"DEBUG=1",
					"$(inherited)",
				);
				GCC_WARN_64_TO_32_BIT_CONVERSION = YES;
				GCC_WARN_ABOUT_RETURN_TYPE = YES_ERROR;
				GCC_WARN_UNDECLARED_SELECTOR = YES;
				GCC_WARN_UNINITIALIZED_AUTOS = YES_AGGRESSIVE;
				GCC_WARN_UNUSED_FUNCTION = YES;
				GCC_WARN_UNUSED_VARIABLE = YES;
				IPHONEOS_DEPLOYMENT_TARGET = 17.5;
				LOCALIZATION_PREFERS_STRING_CATALOGS = YES;
				MTL_ENABLE_DEBUG_INFO = INCLUDE_SOURCE;
				MTL_FAST_MATH = YES;
				ONLY_ACTIVE_ARCH = YES;
				SDKROOT = iphoneos;
				SWIFT_ACTIVE_COMPILATION_CONDITIONS = "DEBUG $(inherited)";
				SWIFT_OPTIMIZATION_LEVEL = "-Onone";
			};
			name = Debug;
		};
		C34881282C94135600E29138 /* Release */ = {
			isa = XCBuildConfiguration;
			buildSettings = {
				ALWAYS_SEARCH_USER_PATHS = NO;
				ASSETCATALOG_COMPILER_GENERATE_SWIFT_ASSET_SYMBOL_EXTENSIONS = YES;
				CLANG_ANALYZER_NONNULL = YES;
				CLANG_ANALYZER_NUMBER_OBJECT_CONVERSION = YES_AGGRESSIVE;
				CLANG_CXX_LANGUAGE_STANDARD = "gnu++20";
				CLANG_ENABLE_MODULES = YES;
				CLANG_ENABLE_OBJC_ARC = YES;
				CLANG_ENABLE_OBJC_WEAK = YES;
				CLANG_WARN_BLOCK_CAPTURE_AUTORELEASING = YES;
				CLANG_WARN_BOOL_CONVERSION = YES;
				CLANG_WARN_COMMA = YES;
				CLANG_WARN_CONSTANT_CONVERSION = YES;
				CLANG_WARN_DEPRECATED_OBJC_IMPLEMENTATIONS = YES;
				CLANG_WARN_DIRECT_OBJC_ISA_USAGE = YES_ERROR;
				CLANG_WARN_DOCUMENTATION_COMMENTS = YES;
				CLANG_WARN_EMPTY_BODY = YES;
				CLANG_WARN_ENUM_CONVERSION = YES;
				CLANG_WARN_INFINITE_RECURSION = YES;
				CLANG_WARN_INT_CONVERSION = YES;
				CLANG_WARN_NON_LITERAL_NULL_CONVERSION = YES;
				CLANG_WARN_OBJC_IMPLICIT_RETAIN_SELF = YES;
				CLANG_WARN_OBJC_LITERAL_CONVERSION = YES;
				CLANG_WARN_OBJC_ROOT_CLASS = YES_ERROR;
				CLANG_WARN_QUOTED_INCLUDE_IN_FRAMEWORK_HEADER = YES;
				CLANG_WARN_RANGE_LOOP_ANALYSIS = YES;
				CLANG_WARN_STRICT_PROTOTYPES = YES;
				CLANG_WARN_SUSPICIOUS_MOVE = YES;
				CLANG_WARN_UNGUARDED_AVAILABILITY = YES_AGGRESSIVE;
				CLANG_WARN_UNREACHABLE_CODE = YES;
				CLANG_WARN__DUPLICATE_METHOD_MATCH = YES;
				COPY_PHASE_STRIP = NO;
				DEBUG_INFORMATION_FORMAT = "dwarf-with-dsym";
				ENABLE_NS_ASSERTIONS = NO;
				ENABLE_STRICT_OBJC_MSGSEND = YES;
				ENABLE_USER_SCRIPT_SANDBOXING = YES;
				GCC_C_LANGUAGE_STANDARD = gnu17;
				GCC_NO_COMMON_BLOCKS = YES;
				GCC_WARN_64_TO_32_BIT_CONVERSION = YES;
				GCC_WARN_ABOUT_RETURN_TYPE = YES_ERROR;
				GCC_WARN_UNDECLARED_SELECTOR = YES;
				GCC_WARN_UNINITIALIZED_AUTOS = YES_AGGRESSIVE;
				GCC_WARN_UNUSED_FUNCTION = YES;
				GCC_WARN_UNUSED_VARIABLE = YES;
				IPHONEOS_DEPLOYMENT_TARGET = 17.5;
				LOCALIZATION_PREFERS_STRING_CATALOGS = YES;
				MTL_ENABLE_DEBUG_INFO = NO;
				MTL_FAST_MATH = YES;
				SDKROOT = iphoneos;
				SWIFT_COMPILATION_MODE = wholemodule;
				VALIDATE_PRODUCT = YES;
			};
			name = Release;
		};
		C348812A2C94135600E29138 /* Debug */ = {
			isa = XCBuildConfiguration;
			buildSettings = {
				ASSETCATALOG_COMPILER_APPICON_NAME = AppIcon;
				ASSETCATALOG_COMPILER_GLOBAL_ACCENT_COLOR_NAME = AccentColor;
				CODE_SIGN_STYLE = Automatic;
				CURRENT_PROJECT_VERSION = 1;
				DEVELOPMENT_TEAM = 597CKM7UY3;
				GENERATE_INFOPLIST_FILE = YES;
				INFOPLIST_FILE = PlatePath/Info.plist;
				INFOPLIST_KEY_UIApplicationSupportsIndirectInputEvents = YES;
				INFOPLIST_KEY_UILaunchStoryboardName = LaunchScreen;
				INFOPLIST_KEY_UIMainStoryboardFile = Main;
				INFOPLIST_KEY_UISupportedInterfaceOrientations_iPad = "UIInterfaceOrientationPortrait UIInterfaceOrientationPortraitUpsideDown UIInterfaceOrientationLandscapeLeft UIInterfaceOrientationLandscapeRight";
				INFOPLIST_KEY_UISupportedInterfaceOrientations_iPhone = "UIInterfaceOrientationPortrait UIInterfaceOrientationLandscapeLeft UIInterfaceOrientationLandscapeRight";
				IPHONEOS_DEPLOYMENT_TARGET = 15.0;
				LD_RUNPATH_SEARCH_PATHS = (
					"$(inherited)",
					"@executable_path/Frameworks",
				);
				MARKETING_VERSION = 1.1;
				PRODUCT_BUNDLE_IDENTIFIER = com.luispaniagua.PlatePath;
				PRODUCT_NAME = "$(TARGET_NAME)";
				SWIFT_EMIT_LOC_STRINGS = YES;
				SWIFT_VERSION = 5.0;
				TARGETED_DEVICE_FAMILY = "1,2";
			};
			name = Debug;
		};
		C348812B2C94135600E29138 /* Release */ = {
			isa = XCBuildConfiguration;
			buildSettings = {
				ASSETCATALOG_COMPILER_APPICON_NAME = AppIcon;
				ASSETCATALOG_COMPILER_GLOBAL_ACCENT_COLOR_NAME = AccentColor;
				CODE_SIGN_STYLE = Automatic;
				CURRENT_PROJECT_VERSION = 1;
				DEVELOPMENT_TEAM = 597CKM7UY3;
				GENERATE_INFOPLIST_FILE = YES;
				INFOPLIST_FILE = PlatePath/Info.plist;
				INFOPLIST_KEY_UIApplicationSupportsIndirectInputEvents = YES;
				INFOPLIST_KEY_UILaunchStoryboardName = LaunchScreen;
				INFOPLIST_KEY_UIMainStoryboardFile = Main;
				INFOPLIST_KEY_UISupportedInterfaceOrientations_iPad = "UIInterfaceOrientationPortrait UIInterfaceOrientationPortraitUpsideDown UIInterfaceOrientationLandscapeLeft UIInterfaceOrientationLandscapeRight";
				INFOPLIST_KEY_UISupportedInterfaceOrientations_iPhone = "UIInterfaceOrientationPortrait UIInterfaceOrientationLandscapeLeft UIInterfaceOrientationLandscapeRight";
				IPHONEOS_DEPLOYMENT_TARGET = 15.0;
				LD_RUNPATH_SEARCH_PATHS = (
					"$(inherited)",
					"@executable_path/Frameworks",
				);
				MARKETING_VERSION = 1.1;
				PRODUCT_BUNDLE_IDENTIFIER = com.luispaniagua.PlatePath;
				PRODUCT_NAME = "$(TARGET_NAME)";
				SWIFT_EMIT_LOC_STRINGS = YES;
				SWIFT_VERSION = 5.0;
				TARGETED_DEVICE_FAMILY = "1,2";
			};
			name = Release;
		};
		C348812D2C94135600E29138 /* Debug */ = {
			isa = XCBuildConfiguration;
			buildSettings = {
				ALWAYS_EMBED_SWIFT_STANDARD_LIBRARIES = YES;
				BUNDLE_LOADER = "$(TEST_HOST)";
				CODE_SIGN_STYLE = Automatic;
				CURRENT_PROJECT_VERSION = 1;
				DEVELOPMENT_TEAM = "";
				GENERATE_INFOPLIST_FILE = YES;
				IPHONEOS_DEPLOYMENT_TARGET = 17.5;
				MARKETING_VERSION = 1.0;
				PRODUCT_BUNDLE_IDENTIFIER = com.luispaniagua.PlatePathTests;
				PRODUCT_NAME = "$(TARGET_NAME)";
				SWIFT_EMIT_LOC_STRINGS = NO;
				SWIFT_VERSION = 5.0;
				TARGETED_DEVICE_FAMILY = "1,2";
				TEST_HOST = "$(BUILT_PRODUCTS_DIR)/PlatePath.app/$(BUNDLE_EXECUTABLE_FOLDER_PATH)/PlatePath";
			};
			name = Debug;
		};
		C348812E2C94135600E29138 /* Release */ = {
			isa = XCBuildConfiguration;
			buildSettings = {
				ALWAYS_EMBED_SWIFT_STANDARD_LIBRARIES = YES;
				BUNDLE_LOADER = "$(TEST_HOST)";
				CODE_SIGN_STYLE = Automatic;
				CURRENT_PROJECT_VERSION = 1;
				DEVELOPMENT_TEAM = "";
				GENERATE_INFOPLIST_FILE = YES;
				IPHONEOS_DEPLOYMENT_TARGET = 17.5;
				MARKETING_VERSION = 1.0;
				PRODUCT_BUNDLE_IDENTIFIER = com.luispaniagua.PlatePathTests;
				PRODUCT_NAME = "$(TARGET_NAME)";
				SWIFT_EMIT_LOC_STRINGS = NO;
				SWIFT_VERSION = 5.0;
				TARGETED_DEVICE_FAMILY = "1,2";
				TEST_HOST = "$(BUILT_PRODUCTS_DIR)/PlatePath.app/$(BUNDLE_EXECUTABLE_FOLDER_PATH)/PlatePath";
			};
			name = Release;
		};
		C34881302C94135600E29138 /* Debug */ = {
			isa = XCBuildConfiguration;
			buildSettings = {
				ALWAYS_EMBED_SWIFT_STANDARD_LIBRARIES = YES;
				CODE_SIGN_STYLE = Automatic;
				CURRENT_PROJECT_VERSION = 1;
				DEVELOPMENT_TEAM = "";
				GENERATE_INFOPLIST_FILE = YES;
				MARKETING_VERSION = 1.0;
				PRODUCT_BUNDLE_IDENTIFIER = com.luispaniagua.PlatePathUITests;
				PRODUCT_NAME = "$(TARGET_NAME)";
				SWIFT_EMIT_LOC_STRINGS = NO;
				SWIFT_VERSION = 5.0;
				TARGETED_DEVICE_FAMILY = "1,2";
				TEST_TARGET_NAME = PlatePath;
			};
			name = Debug;
		};
		C34881312C94135600E29138 /* Release */ = {
			isa = XCBuildConfiguration;
			buildSettings = {
				ALWAYS_EMBED_SWIFT_STANDARD_LIBRARIES = YES;
				CODE_SIGN_STYLE = Automatic;
				CURRENT_PROJECT_VERSION = 1;
				DEVELOPMENT_TEAM = "";
				GENERATE_INFOPLIST_FILE = YES;
				MARKETING_VERSION = 1.0;
				PRODUCT_BUNDLE_IDENTIFIER = com.luispaniagua.PlatePathUITests;
				PRODUCT_NAME = "$(TARGET_NAME)";
				SWIFT_EMIT_LOC_STRINGS = NO;
				SWIFT_VERSION = 5.0;
				TARGETED_DEVICE_FAMILY = "1,2";
				TEST_TARGET_NAME = PlatePath;
			};
			name = Release;
		};
/* End XCBuildConfiguration section */

/* Begin XCConfigurationList section */
		C34880FA2C94135500E29138 /* Build configuration list for PBXProject "PlatePath" */ = {
			isa = XCConfigurationList;
			buildConfigurations = (
				C34881272C94135600E29138 /* Debug */,
				C34881282C94135600E29138 /* Release */,
			);
			defaultConfigurationIsVisible = 0;
			defaultConfigurationName = Release;
		};
		C34881292C94135600E29138 /* Build configuration list for PBXNativeTarget "PlatePath" */ = {
			isa = XCConfigurationList;
			buildConfigurations = (
				C348812A2C94135600E29138 /* Debug */,
				C348812B2C94135600E29138 /* Release */,
			);
			defaultConfigurationIsVisible = 0;
			defaultConfigurationName = Release;
		};
		C348812C2C94135600E29138 /* Build configuration list for PBXNativeTarget "PlatePathTests" */ = {
			isa = XCConfigurationList;
			buildConfigurations = (
				C348812D2C94135600E29138 /* Debug */,
				C348812E2C94135600E29138 /* Release */,
			);
			defaultConfigurationIsVisible = 0;
			defaultConfigurationName = Release;
		};
		C348812F2C94135600E29138 /* Build configuration list for PBXNativeTarget "PlatePathUITests" */ = {
			isa = XCConfigurationList;
			buildConfigurations = (
				C34881302C94135600E29138 /* Debug */,
				C34881312C94135600E29138 /* Release */,
			);
			defaultConfigurationIsVisible = 0;
			defaultConfigurationName = Release;
		};
/* End XCConfigurationList section */
	};
	rootObject = C34880F72C94135500E29138 /* Project object */;
}
